
Microsoft Visual Studio Solution File, Format Version 12.00
# Visual Studio Version 17
VisualStudioVersion = 17.2.32616.157
MinimumVisualStudioVersion = 10.0.40219.1
Project("{9A19103F-16F7-4668-BE54-9A1E7A4F7556}") = "sunstealer.mvc.odata", "app\sunstealer.mvc.odata.csproj", "{5B6D4EA7-13BA-4130-8537-35AECB235BA6}"
EndProject
Project("{9A19103F-16F7-4668-BE54-9A1E7A4F7556}") = "tests", "test\tests.csproj", "{4D59B04E-5B33-4616-BC02-D517FDE84A25}"
EndProject
Global
	GlobalSection(SolutionConfigurationPlatforms) = preSolution
		Debug|Any CPU = Debug|Any CPU
		Release|Any CPU = Release|Any CPU
	EndGlobalSection
	GlobalSection(ProjectConfigurationPlatforms) = postSolution
		{5B6D4EA7-13BA-4130-8537-35AECB235BA6}.Debug|Any CPU.ActiveCfg = Debug|Any CPU
		{5B6D4EA7-13BA-4130-8537-35AECB235BA6}.Debug|Any CPU.Build.0 = Debug|Any CPU
		{5B6D4EA7-13BA-4130-8537-35AECB235BA6}.Release|Any CPU.ActiveCfg = Release|Any CPU
		{5B6D4EA7-13BA-4130-8537-35AECB235BA6}.Release|Any CPU.Build.0 = Release|Any CPU
		{4D59B04E-5B33-4616-BC02-D517FDE84A25}.Debug|Any CPU.ActiveCfg = Debug|Any CPU
		{4D59B04E-5B33-4616-BC02-D517FDE84A25}.Debug|Any CPU.Build.0 = Debug|Any CPU
		{4D59B04E-5B33-4616-BC02-D517FDE84A25}.Release|Any CPU.ActiveCfg = Release|Any CPU
		{4D59B04E-5B33-4616-BC02-D517FDE84A25}.Release|Any CPU.Build.0 = Release|Any CPU
	EndGlobalSection
	GlobalSection(SolutionProperties) = preSolution
		HideSolutionNode = FALSE
	EndGlobalSection
	GlobalSection(ExtensibilityGlobals) = postSolution
		SolutionGuid = {A25AFFC6-D223-43A5-866A-EE7E06AE2F6D}
	EndGlobalSection
EndGlobal
